
Microsoft Visual Studio Solution File, Format Version 12.00
# Visual Studio Version 16
VisualStudioVersion = 16.0.29009.5
MinimumVisualStudioVersion = 10.0.40219.1
Project("{2150E333-8FDC-42A3-9474-1A3956D46DE8}") = "Chapter 01", "Chapter 01", "{34628A06-4781-4370-9288-10E0D8F75047}"
EndProject
Project("{FAE04EC0-301F-11D3-BF4B-00C04F79EFBC}") = "Chapter01.FooPlugin", "Chapter 01\Chapter01.FooPlugin\Chapter01.FooPlugin.csproj", "{E4C36106-552A-45F2-B595-C18ACD03F66C}"
EndProject
Project("{2150E333-8FDC-42A3-9474-1A3956D46DE8}") = "Solution Items", "Solution Items", "{958A3F24-643A-448D-8F63-890B97F795FF}"
	ProjectSection(SolutionItems) = preProject
		..\.gitignore = ..\.gitignore
	EndProjectSection
EndProject
Project("{2150E333-8FDC-42A3-9474-1A3956D46DE8}") = "Chapter 02", "Chapter 02", "{652D82C2-1E04-4B1A-907B-399339420BAB}"
EndProject
Project("{FAE04EC0-301F-11D3-BF4B-00C04F79EFBC}") = "Chapter02.Repositories", "Chapter 02\Chapter02.Repositories\Chapter02.Repositories.csproj", "{218E8399-434D-49DF-AA96-6F6F6166B8A7}"
EndProject
Project("{2150E333-8FDC-42A3-9474-1A3956D46DE8}") = "Common", "Common", "{F623142B-8571-40F9-87FA-06892028C7D6}"
EndProject
Project("{D954291E-2A0B-460D-934E-DC6B0785DB48}") = "Entities", "Common\Entities\Entities.shproj", "{B072281D-9AB9-417A-A37F-4E4E22057085}"
EndProject
Project("{2150E333-8FDC-42A3-9474-1A3956D46DE8}") = "Chapter03", "Chapter03", "{8CAADADC-2CA6-48B9-8C11-52ECDD22ED66}"
EndProject
Project("{FAE04EC0-301F-11D3-BF4B-00C04F79EFBC}") = "Chapter03.Plugins", "Chapter03\Chapter03.Plugins\Chapter03.Plugins.csproj", "{E1678CBC-A509-47ED-9042-F7E93FD1C1E3}"
EndProject
Project("{2150E333-8FDC-42A3-9474-1A3956D46DE8}") = "Tests", "Tests", "{D11939F6-111A-4487-802F-9199306FFE6E}"
EndProject
Project("{FAE04EC0-301F-11D3-BF4B-00C04F79EFBC}") = "Chapter03.Plugins.UnitTests", "Tests\Chapter03.Plugins.UnitTests\Chapter03.Plugins.UnitTests.csproj", "{67D04886-5A25-4BBB-BE67-B08A22C20FFC}"
EndProject
Project("{2150E333-8FDC-42A3-9474-1A3956D46DE8}") = "Chapter04", "Chapter04", "{593652B3-0140-44BA-AE56-08C36C218BDB}"
EndProject
Project("{FAE04EC0-301F-11D3-BF4B-00C04F79EFBC}") = "Chapter04.Plugins", "Chapter04\Chapter04.Plugins\Chapter04.Plugins.csproj", "{60ABB3A1-DA6C-4AC0-8556-5000CA611CFB}"
EndProject
Project("{FAE04EC0-301F-11D3-BF4B-00C04F79EFBC}") = "Chapter04.Plugin.Tests", "Tests\Chapter04.Plugin.Tests\Chapter04.Plugin.Tests.csproj", "{AF8D4F54-FDBF-47BC-8B4C-93B0E03D74B2}"
EndProject
Project("{2150E333-8FDC-42A3-9474-1A3956D46DE8}") = "Chapter05", "Chapter05", "{7FF293BF-6D67-4E35-AB0E-B7D8B9BD787D}"
EndProject
Project("{FAE04EC0-301F-11D3-BF4B-00C04F79EFBC}") = "Chapter05.Plugins", "Chapter05\Chapter05.Plugins\Chapter05.Plugins.csproj", "{6C98AFFB-48B3-440A-97D2-A49C2AB26BC2}"
EndProject
Project("{FAE04EC0-301F-11D3-BF4B-00C04F79EFBC}") = "Chapter05.Plugins.Tests.Unit", "Chapter05\Chapter05.Plugins.Tests.Unit\Chapter05.Plugins.Tests.Unit.csproj", "{665DBA8B-CA3C-4261-A369-33C7589A2C0B}"
EndProject
Global
	GlobalSection(SharedMSBuildProjectFiles) = preSolution
		Common\Entities\Entities.projitems*{218e8399-434d-49df-aa96-6f6f6166b8a7}*SharedItemsImports = 4
		Common\Entities\Entities.projitems*{60abb3a1-da6c-4ac0-8556-5000ca611cfb}*SharedItemsImports = 4
		Common\Entities\Entities.projitems*{6c98affb-48b3-440a-97d2-a49c2ab26bc2}*SharedItemsImports = 4
		Common\Entities\Entities.projitems*{b072281d-9ab9-417a-a37f-4e4e22057085}*SharedItemsImports = 13
	EndGlobalSection
	GlobalSection(SolutionConfigurationPlatforms) = preSolution
		Debug|Any CPU = Debug|Any CPU
		Release|Any CPU = Release|Any CPU
	EndGlobalSection
	GlobalSection(ProjectConfigurationPlatforms) = postSolution
		{E4C36106-552A-45F2-B595-C18ACD03F66C}.Debug|Any CPU.ActiveCfg = Debug|Any CPU
		{E4C36106-552A-45F2-B595-C18ACD03F66C}.Debug|Any CPU.Build.0 = Debug|Any CPU
		{E4C36106-552A-45F2-B595-C18ACD03F66C}.Release|Any CPU.ActiveCfg = Release|Any CPU
		{E4C36106-552A-45F2-B595-C18ACD03F66C}.Release|Any CPU.Build.0 = Release|Any CPU
		{218E8399-434D-49DF-AA96-6F6F6166B8A7}.Debug|Any CPU.ActiveCfg = Debug|Any CPU
		{218E8399-434D-49DF-AA96-6F6F6166B8A7}.Debug|Any CPU.Build.0 = Debug|Any CPU
		{218E8399-434D-49DF-AA96-6F6F6166B8A7}.Release|Any CPU.ActiveCfg = Release|Any CPU
		{218E8399-434D-49DF-AA96-6F6F6166B8A7}.Release|Any CPU.Build.0 = Release|Any CPU
		{E1678CBC-A509-47ED-9042-F7E93FD1C1E3}.Debug|Any CPU.ActiveCfg = Debug|Any CPU
		{E1678CBC-A509-47ED-9042-F7E93FD1C1E3}.Debug|Any CPU.Build.0 = Debug|Any CPU
		{E1678CBC-A509-47ED-9042-F7E93FD1C1E3}.Release|Any CPU.ActiveCfg = Release|Any CPU
		{E1678CBC-A509-47ED-9042-F7E93FD1C1E3}.Release|Any CPU.Build.0 = Release|Any CPU
		{67D04886-5A25-4BBB-BE67-B08A22C20FFC}.Debug|Any CPU.ActiveCfg = Debug|Any CPU
		{67D04886-5A25-4BBB-BE67-B08A22C20FFC}.Debug|Any CPU.Build.0 = Debug|Any CPU
		{67D04886-5A25-4BBB-BE67-B08A22C20FFC}.Release|Any CPU.ActiveCfg = Release|Any CPU
		{67D04886-5A25-4BBB-BE67-B08A22C20FFC}.Release|Any CPU.Build.0 = Release|Any CPU
		{60ABB3A1-DA6C-4AC0-8556-5000CA611CFB}.Debug|Any CPU.ActiveCfg = Debug|Any CPU
		{60ABB3A1-DA6C-4AC0-8556-5000CA611CFB}.Debug|Any CPU.Build.0 = Debug|Any CPU
		{60ABB3A1-DA6C-4AC0-8556-5000CA611CFB}.Release|Any CPU.ActiveCfg = Release|Any CPU
		{60ABB3A1-DA6C-4AC0-8556-5000CA611CFB}.Release|Any CPU.Build.0 = Release|Any CPU
		{AF8D4F54-FDBF-47BC-8B4C-93B0E03D74B2}.Debug|Any CPU.ActiveCfg = Debug|Any CPU
		{AF8D4F54-FDBF-47BC-8B4C-93B0E03D74B2}.Debug|Any CPU.Build.0 = Debug|Any CPU
		{AF8D4F54-FDBF-47BC-8B4C-93B0E03D74B2}.Release|Any CPU.ActiveCfg = Release|Any CPU
		{AF8D4F54-FDBF-47BC-8B4C-93B0E03D74B2}.Release|Any CPU.Build.0 = Release|Any CPU
		{6C98AFFB-48B3-440A-97D2-A49C2AB26BC2}.Debug|Any CPU.ActiveCfg = Debug|Any CPU
		{6C98AFFB-48B3-440A-97D2-A49C2AB26BC2}.Debug|Any CPU.Build.0 = Debug|Any CPU
		{6C98AFFB-48B3-440A-97D2-A49C2AB26BC2}.Release|Any CPU.ActiveCfg = Release|Any CPU
		{6C98AFFB-48B3-440A-97D2-A49C2AB26BC2}.Release|Any CPU.Build.0 = Release|Any CPU
		{665DBA8B-CA3C-4261-A369-33C7589A2C0B}.Debug|Any CPU.ActiveCfg = Debug|Any CPU
		{665DBA8B-CA3C-4261-A369-33C7589A2C0B}.Debug|Any CPU.Build.0 = Debug|Any CPU
		{665DBA8B-CA3C-4261-A369-33C7589A2C0B}.Release|Any CPU.ActiveCfg = Release|Any CPU
		{665DBA8B-CA3C-4261-A369-33C7589A2C0B}.Release|Any CPU.Build.0 = Release|Any CPU
	EndGlobalSection
	GlobalSection(SolutionProperties) = preSolution
		HideSolutionNode = FALSE
	EndGlobalSection
	GlobalSection(NestedProjects) = preSolution
		{E4C36106-552A-45F2-B595-C18ACD03F66C} = {34628A06-4781-4370-9288-10E0D8F75047}
		{218E8399-434D-49DF-AA96-6F6F6166B8A7} = {652D82C2-1E04-4B1A-907B-399339420BAB}
		{B072281D-9AB9-417A-A37F-4E4E22057085} = {F623142B-8571-40F9-87FA-06892028C7D6}
		{E1678CBC-A509-47ED-9042-F7E93FD1C1E3} = {8CAADADC-2CA6-48B9-8C11-52ECDD22ED66}
		{67D04886-5A25-4BBB-BE67-B08A22C20FFC} = {D11939F6-111A-4487-802F-9199306FFE6E}
		{60ABB3A1-DA6C-4AC0-8556-5000CA611CFB} = {593652B3-0140-44BA-AE56-08C36C218BDB}
		{AF8D4F54-FDBF-47BC-8B4C-93B0E03D74B2} = {D11939F6-111A-4487-802F-9199306FFE6E}
		{6C98AFFB-48B3-440A-97D2-A49C2AB26BC2} = {7FF293BF-6D67-4E35-AB0E-B7D8B9BD787D}
		{665DBA8B-CA3C-4261-A369-33C7589A2C0B} = {7FF293BF-6D67-4E35-AB0E-B7D8B9BD787D}
	EndGlobalSection
	GlobalSection(ExtensibilityGlobals) = postSolution
		SolutionGuid = {F721D344-B887-4FF4-B915-6F11862B44D1}
	EndGlobalSection
EndGlobal
